
Microsoft Visual Studio Solution File, Format Version 12.00
# Visual Studio Version 16
VisualStudioVersion = 16.0.30413.136
MinimumVisualStudioVersion = 10.0.40219.1
Project("{FAE04EC0-301F-11D3-BF4B-00C04F79EFBC}") = "nhr-api-prop-list", "nhr-api-prop-list.csproj", "{CE93A707-2389-45FE-9373-9D531FFC5829}"
EndProject
Global
	GlobalSection(SolutionConfigurationPlatforms) = preSolution
		Debug|Any CPU = Debug|Any CPU
		Release|Any CPU = Release|Any CPU
	EndGlobalSection
	GlobalSection(ProjectConfigurationPlatforms) = postSolution
		{CE93A707-2389-45FE-9373-9D531FFC5829}.Debug|Any CPU.ActiveCfg = Debug|Any CPU
		{CE93A707-2389-45FE-9373-9D531FFC5829}.Debug|Any CPU.Build.0 = Debug|Any CPU
		{CE93A707-2389-45FE-9373-9D531FFC5829}.Release|Any CPU.ActiveCfg = Release|Any CPU
		{CE93A707-2389-45FE-9373-9D531FFC5829}.Release|Any CPU.Build.0 = Release|Any CPU
	EndGlobalSection
	GlobalSection(SolutionProperties) = preSolution
		HideSolutionNode = FALSE
	EndGlobalSection
	GlobalSection(ExtensibilityGlobals) = postSolution
		SolutionGuid = {7FB69E11-9CC6-40D6-9E68-670F9431FA67}
	EndGlobalSection
EndGlobal
